// !$*UTF8*$!
{
	archiveVersion = 1;
	classes = {
	};
	objectVersion = 50;
	objects = {

/* Begin PBXBuildFile section */
		1324ECDB20FCF5F000D251E6 /* AppDelegate.swift in Sources */ = {isa = PBXBuildFile; fileRef = 1324ECDA20FCF5F000D251E6 /* AppDelegate.swift */; };
		1324ECDD20FCF5F000D251E6 /* PostsVC.swift in Sources */ = {isa = PBXBuildFile; fileRef = 1324ECDC20FCF5F000D251E6 /* PostsVC.swift */; };
		13251B4821028EFF0028454B /* RealmErrors.swift in Sources */ = {isa = PBXBuildFile; fileRef = 13251B4721028EFF0028454B /* RealmErrors.swift */; };
		132AEDFA21052FB3000DE6FA /* Assets.xcassets in Resources */ = {isa = PBXBuildFile; fileRef = 132AEDF721052FB2000DE6FA /* Assets.xcassets */; };
		132AEE02210532EB000DE6FA /* Localizable.strings in Resources */ = {isa = PBXBuildFile; fileRef = 132AEE04210532EB000DE6FA /* Localizable.strings */; };
		132AEE0B21053ADB000DE6FA /* NetworkService.swift in Sources */ = {isa = PBXBuildFile; fileRef = 132AEE0A21053ADB000DE6FA /* NetworkService.swift */; };
		132AEE0D21053B25000DE6FA /* DataManagerType.swift in Sources */ = {isa = PBXBuildFile; fileRef = 132AEE0C21053B25000DE6FA /* DataManagerType.swift */; };
		132AEE0F21053B95000DE6FA /* PersistenceManager.swift in Sources */ = {isa = PBXBuildFile; fileRef = 132AEE0E21053B95000DE6FA /* PersistenceManager.swift */; };
		132BFDC22103D504003D327E /* UIColor+Styles.swift in Sources */ = {isa = PBXBuildFile; fileRef = 132BFDC12103D504003D327E /* UIColor+Styles.swift */; };
		132BFDC42103DA92003D327E /* UIFont+Styles.swift in Sources */ = {isa = PBXBuildFile; fileRef = 132BFDC32103DA92003D327E /* UIFont+Styles.swift */; };
		132BFDC82104DC9C003D327E /* DetailedTableViewCell.swift in Sources */ = {isa = PBXBuildFile; fileRef = 132BFDC72104DC9C003D327E /* DetailedTableViewCell.swift */; };
		132BFDCB21050F42003D327E /* PostsVMTests.swift in Sources */ = {isa = PBXBuildFile; fileRef = 132BFDCA21050F42003D327E /* PostsVMTests.swift */; };
		132BFDCD2105105A003D327E /* MockDataManager.swift in Sources */ = {isa = PBXBuildFile; fileRef = 132BFDCC2105105A003D327E /* MockDataManager.swift */; };
		132BFDD021051898003D327E /* RxBlocking.framework in Frameworks */ = {isa = PBXBuildFile; fileRef = 132BFDCF21051898003D327E /* RxBlocking.framework */; };
		132BFDD221051898003D327E /* RxTest.framework in Frameworks */ = {isa = PBXBuildFile; fileRef = 132BFDD121051898003D327E /* RxTest.framework */; };
		133827FF2103D12C0005B4D8 /* Reusable.swift in Sources */ = {isa = PBXBuildFile; fileRef = 133827FE2103D12C0005B4D8 /* Reusable.swift */; };
		133BFCC9210259E4008FC219 /* InternalModel.swift in Sources */ = {isa = PBXBuildFile; fileRef = 133BFCC8210259E4008FC219 /* InternalModel.swift */; };
		133CBA9820FF80C200A5F2FE /* User.swift in Sources */ = {isa = PBXBuildFile; fileRef = 133CBA9720FF80C200A5F2FE /* User.swift */; };
		133CBA9A20FF80DC00A5F2FE /* Comment.swift in Sources */ = {isa = PBXBuildFile; fileRef = 133CBA9920FF80DC00A5F2FE /* Comment.swift */; };
		133CBA9C20FF8D2600A5F2FE /* NetworkHandler.swift in Sources */ = {isa = PBXBuildFile; fileRef = 133CBA9B20FF8D2600A5F2FE /* NetworkHandler.swift */; };
		133CBA9F20FF9CF900A5F2FE /* TitleTableViewCell.swift in Sources */ = {isa = PBXBuildFile; fileRef = 133CBA9E20FF9CF900A5F2FE /* TitleTableViewCell.swift */; };
		133CBAA12102293600A5F2FE /* DataManager.swift in Sources */ = {isa = PBXBuildFile; fileRef = 133CBAA02102293500A5F2FE /* DataManager.swift */; };
		133CBAA32102373D00A5F2FE /* RealmPersistenceManager.swift in Sources */ = {isa = PBXBuildFile; fileRef = 133CBAA22102373D00A5F2FE /* RealmPersistenceManager.swift */; };
		133CBAA52102496B00A5F2FE /* UIViewController+RxAlert.swift in Sources */ = {isa = PBXBuildFile; fileRef = 133CBAA42102496B00A5F2FE /* UIViewController+RxAlert.swift */; };
		133CBAA721024A0D00A5F2FE /* AlertContents.swift in Sources */ = {isa = PBXBuildFile; fileRef = 133CBAA621024A0D00A5F2FE /* AlertContents.swift */; };
		13970EB520FCFBC600C748DC /* RxSwift.framework in Frameworks */ = {isa = PBXBuildFile; fileRef = 13970EB420FCFBC600C748DC /* RxSwift.framework */; };
		13970EB620FCFBC600C748DC /* RxSwift.framework in Embed Frameworks */ = {isa = PBXBuildFile; fileRef = 13970EB420FCFBC600C748DC /* RxSwift.framework */; settings = {ATTRIBUTES = (CodeSignOnCopy, RemoveHeadersOnCopy, ); }; };
		13970EB820FCFBC600C748DC /* RxCocoa.framework in Frameworks */ = {isa = PBXBuildFile; fileRef = 13970EB720FCFBC600C748DC /* RxCocoa.framework */; };
		13970EB920FCFBC600C748DC /* RxCocoa.framework in Embed Frameworks */ = {isa = PBXBuildFile; fileRef = 13970EB720FCFBC600C748DC /* RxCocoa.framework */; settings = {ATTRIBUTES = (CodeSignOnCopy, RemoveHeadersOnCopy, ); }; };
		13970EC320FCFE0D00C748DC /* RxRealm.framework in Frameworks */ = {isa = PBXBuildFile; fileRef = 13970EC220FCFE0D00C748DC /* RxRealm.framework */; };
		13970EC420FCFE0D00C748DC /* RxRealm.framework in Embed Frameworks */ = {isa = PBXBuildFile; fileRef = 13970EC220FCFE0D00C748DC /* RxRealm.framework */; settings = {ATTRIBUTES = (CodeSignOnCopy, RemoveHeadersOnCopy, ); }; };
		13970EC620FCFF8300C748DC /* Realm.framework in Frameworks */ = {isa = PBXBuildFile; fileRef = 13970EC520FCFF8300C748DC /* Realm.framework */; };
		13970EC720FCFF8300C748DC /* Realm.framework in Embed Frameworks */ = {isa = PBXBuildFile; fileRef = 13970EC520FCFF8300C748DC /* Realm.framework */; settings = {ATTRIBUTES = (CodeSignOnCopy, RemoveHeadersOnCopy, ); }; };
		13970EC920FCFF8300C748DC /* RealmSwift.framework in Frameworks */ = {isa = PBXBuildFile; fileRef = 13970EC820FCFF8300C748DC /* RealmSwift.framework */; };
		13970ECA20FCFF8300C748DC /* RealmSwift.framework in Embed Frameworks */ = {isa = PBXBuildFile; fileRef = 13970EC820FCFF8300C748DC /* RealmSwift.framework */; settings = {ATTRIBUTES = (CodeSignOnCopy, RemoveHeadersOnCopy, ); }; };
		13970ECC20FD011F00C748DC /* CocoaLumberjack.framework in Frameworks */ = {isa = PBXBuildFile; fileRef = 13970ECB20FD011F00C748DC /* CocoaLumberjack.framework */; };
		13970ECD20FD011F00C748DC /* CocoaLumberjack.framework in Embed Frameworks */ = {isa = PBXBuildFile; fileRef = 13970ECB20FD011F00C748DC /* CocoaLumberjack.framework */; settings = {ATTRIBUTES = (CodeSignOnCopy, RemoveHeadersOnCopy, ); }; };
		13970ECF20FD011F00C748DC /* CocoaLumberjackSwift.framework in Frameworks */ = {isa = PBXBuildFile; fileRef = 13970ECE20FD011F00C748DC /* CocoaLumberjackSwift.framework */; };
		13970ED020FD011F00C748DC /* CocoaLumberjackSwift.framework in Embed Frameworks */ = {isa = PBXBuildFile; fileRef = 13970ECE20FD011F00C748DC /* CocoaLumberjackSwift.framework */; settings = {ATTRIBUTES = (CodeSignOnCopy, RemoveHeadersOnCopy, ); }; };
		13970EDC20FD08C900C748DC /* SceneCoordinator.swift in Sources */ = {isa = PBXBuildFile; fileRef = 13970EDB20FD08C900C748DC /* SceneCoordinator.swift */; };
		13970EDE20FD0C5700C748DC /* NavigationHandler.swift in Sources */ = {isa = PBXBuildFile; fileRef = 13970EDD20FD0C5700C748DC /* NavigationHandler.swift */; };
		13970EE120FD0EA100C748DC /* Scene.swift in Sources */ = {isa = PBXBuildFile; fileRef = 13970EE020FD0EA100C748DC /* Scene.swift */; };
		13970EE420FD0F2B00C748DC /* PostsVM.swift in Sources */ = {isa = PBXBuildFile; fileRef = 13970EE320FD0F2B00C748DC /* PostsVM.swift */; };
		13970EE620FD12B200C748DC /* SceneTransitionType.swift in Sources */ = {isa = PBXBuildFile; fileRef = 13970EE520FD12B200C748DC /* SceneTransitionType.swift */; };
		13970EE820FD143D00C748DC /* Scene+ViewController.swift in Sources */ = {isa = PBXBuildFile; fileRef = 13970EE720FD143D00C748DC /* Scene+ViewController.swift */; };
		13970EEA20FD14EE00C748DC /* PoweredByVM.swift in Sources */ = {isa = PBXBuildFile; fileRef = 13970EE920FD14EE00C748DC /* PoweredByVM.swift */; };
		13970EED20FD2C7800C748DC /* UIViewController+actualViewController.swift in Sources */ = {isa = PBXBuildFile; fileRef = 13970EEC20FD2C7800C748DC /* UIViewController+actualViewController.swift */; };
		13970EEF20FD2F6E00C748DC /* UIViewController+IsModal.swift in Sources */ = {isa = PBXBuildFile; fileRef = 13970EEE20FD2F6E00C748DC /* UIViewController+IsModal.swift */; };
		13970EF120FD369700C748DC /* PostDetailVC.swift in Sources */ = {isa = PBXBuildFile; fileRef = 13970EF020FD369700C748DC /* PostDetailVC.swift */; };
		13970EF320FD36A000C748DC /* PostDetailVM.swift in Sources */ = {isa = PBXBuildFile; fileRef = 13970EF220FD36A000C748DC /* PostDetailVM.swift */; };
		13EE153520FE4733008CE979 /* Scene+ViewControllerTests.swift in Sources */ = {isa = PBXBuildFile; fileRef = 13EE153420FE4733008CE979 /* Scene+ViewControllerTests.swift */; };
		13EE153820FE47D0008CE979 /* MockNavigationHandler.swift in Sources */ = {isa = PBXBuildFile; fileRef = 13EE153720FE47D0008CE979 /* MockNavigationHandler.swift */; };
		13EE153B20FE4ADA008CE979 /* ActualViewControllerTests.swift in Sources */ = {isa = PBXBuildFile; fileRef = 13EE153A20FE4ADA008CE979 /* ActualViewControllerTests.swift */; };
		13EE153E20FE541B008CE979 /* Post.swift in Sources */ = {isa = PBXBuildFile; fileRef = 13EE153D20FE541B008CE979 /* Post.swift */; };
/* End PBXBuildFile section */

/* Begin PBXContainerItemProxy section */
		1324ECEC20FCF5F200D251E6 /* PBXContainerItemProxy */ = {
			isa = PBXContainerItemProxy;
			containerPortal = 1324ECCF20FCF5F000D251E6 /* Project object */;
			proxyType = 1;
			remoteGlobalIDString = 1324ECD620FCF5F000D251E6;
			remoteInfo = BabylonHealthDemo;
		};
/* End PBXContainerItemProxy section */

/* Begin PBXCopyFilesBuildPhase section */
		13970EBA20FCFBC600C748DC /* Embed Frameworks */ = {
			isa = PBXCopyFilesBuildPhase;
			buildActionMask = 2147483647;
			dstPath = "";
			dstSubfolderSpec = 10;
			files = (
				13970EC720FCFF8300C748DC /* Realm.framework in Embed Frameworks */,
				13970ECA20FCFF8300C748DC /* RealmSwift.framework in Embed Frameworks */,
				13970EB920FCFBC600C748DC /* RxCocoa.framework in Embed Frameworks */,
				13970EC420FCFE0D00C748DC /* RxRealm.framework in Embed Frameworks */,
				13970ED020FD011F00C748DC /* CocoaLumberjackSwift.framework in Embed Frameworks */,
				13970ECD20FD011F00C748DC /* CocoaLumberjack.framework in Embed Frameworks */,
				13970EB620FCFBC600C748DC /* RxSwift.framework in Embed Frameworks */,
			);
			name = "Embed Frameworks";
			runOnlyForDeploymentPostprocessing = 0;
		};
/* End PBXCopyFilesBuildPhase section */

/* Begin PBXFileReference section */
		1324ECD720FCF5F000D251E6 /* BabylonHealthDemo.app */ = {isa = PBXFileReference; explicitFileType = wrapper.application; includeInIndex = 0; path = BabylonHealthDemo.app; sourceTree = BUILT_PRODUCTS_DIR; };
		1324ECDA20FCF5F000D251E6 /* AppDelegate.swift */ = {isa = PBXFileReference; lastKnownFileType = sourcecode.swift; path = AppDelegate.swift; sourceTree = "<group>"; };
		1324ECDC20FCF5F000D251E6 /* PostsVC.swift */ = {isa = PBXFileReference; lastKnownFileType = sourcecode.swift; path = PostsVC.swift; sourceTree = "<group>"; };
		1324ECEB20FCF5F200D251E6 /* BabylonHealthDemoTests.xctest */ = {isa = PBXFileReference; explicitFileType = wrapper.cfbundle; includeInIndex = 0; path = BabylonHealthDemoTests.xctest; sourceTree = BUILT_PRODUCTS_DIR; };
		1324ECF120FCF5F200D251E6 /* Info.plist */ = {isa = PBXFileReference; lastKnownFileType = text.plist.xml; path = Info.plist; sourceTree = "<group>"; };
		13251B4721028EFF0028454B /* RealmErrors.swift */ = {isa = PBXFileReference; lastKnownFileType = sourcecode.swift; path = RealmErrors.swift; sourceTree = "<group>"; };
		132AEDF721052FB2000DE6FA /* Assets.xcassets */ = {isa = PBXFileReference; lastKnownFileType = folder.assetcatalog; name = Assets.xcassets; path = BabylonHealthDemo/Resources/Assets.xcassets; sourceTree = SOURCE_ROOT; };
		132AEDF821052FB2000DE6FA /* Info.plist */ = {isa = PBXFileReference; fileEncoding = 4; lastKnownFileType = text.plist.xml; name = Info.plist; path = BabylonHealthDemo/Resources/Info.plist; sourceTree = SOURCE_ROOT; };
		132AEDFD21052FCB000DE6FA /* Base */ = {isa = PBXFileReference; lastKnownFileType = file.storyboard; name = Base; path = BabylonHealthDemo/Resources/Base.lproj/LaunchScreen.storyboard; sourceTree = SOURCE_ROOT; };
		132AEE03210532EB000DE6FA /* en */ = {isa = PBXFileReference; lastKnownFileType = text.plist.strings; name = en; path = en.lproj/Localizable.strings; sourceTree = "<group>"; };
		132AEE072105335C000DE6FA /* nl */ = {isa = PBXFileReference; lastKnownFileType = text.plist.strings; name = nl; path = nl.lproj/Localizable.strings; sourceTree = "<group>"; };
		132AEE0A21053ADB000DE6FA /* NetworkService.swift */ = {isa = PBXFileReference; lastKnownFileType = sourcecode.swift; path = NetworkService.swift; sourceTree = "<group>"; };
		132AEE0C21053B25000DE6FA /* DataManagerType.swift */ = {isa = PBXFileReference; lastKnownFileType = sourcecode.swift; path = DataManagerType.swift; sourceTree = "<group>"; };
		132AEE0E21053B95000DE6FA /* PersistenceManager.swift */ = {isa = PBXFileReference; lastKnownFileType = sourcecode.swift; path = PersistenceManager.swift; sourceTree = "<group>"; };
		132BFDC12103D504003D327E /* UIColor+Styles.swift */ = {isa = PBXFileReference; lastKnownFileType = sourcecode.swift; path = "UIColor+Styles.swift"; sourceTree = "<group>"; };
		132BFDC32103DA92003D327E /* UIFont+Styles.swift */ = {isa = PBXFileReference; lastKnownFileType = sourcecode.swift; path = "UIFont+Styles.swift"; sourceTree = "<group>"; };
		132BFDC72104DC9C003D327E /* DetailedTableViewCell.swift */ = {isa = PBXFileReference; lastKnownFileType = sourcecode.swift; path = DetailedTableViewCell.swift; sourceTree = "<group>"; };
		132BFDCA21050F42003D327E /* PostsVMTests.swift */ = {isa = PBXFileReference; lastKnownFileType = sourcecode.swift; path = PostsVMTests.swift; sourceTree = "<group>"; };
		132BFDCC2105105A003D327E /* MockDataManager.swift */ = {isa = PBXFileReference; lastKnownFileType = sourcecode.swift; path = MockDataManager.swift; sourceTree = "<group>"; };
		132BFDCF21051898003D327E /* RxBlocking.framework */ = {isa = PBXFileReference; explicitFileType = wrapper.framework; path = RxBlocking.framework; sourceTree = BUILT_PRODUCTS_DIR; };
		132BFDD121051898003D327E /* RxTest.framework */ = {isa = PBXFileReference; explicitFileType = wrapper.framework; path = RxTest.framework; sourceTree = BUILT_PRODUCTS_DIR; };
		133827FE2103D12C0005B4D8 /* Reusable.swift */ = {isa = PBXFileReference; lastKnownFileType = sourcecode.swift; path = Reusable.swift; sourceTree = "<group>"; };
		133BFCC8210259E4008FC219 /* InternalModel.swift */ = {isa = PBXFileReference; lastKnownFileType = sourcecode.swift; path = InternalModel.swift; sourceTree = "<group>"; };
		133CBA9720FF80C200A5F2FE /* User.swift */ = {isa = PBXFileReference; lastKnownFileType = sourcecode.swift; path = User.swift; sourceTree = "<group>"; };
		133CBA9920FF80DC00A5F2FE /* Comment.swift */ = {isa = PBXFileReference; lastKnownFileType = sourcecode.swift; path = Comment.swift; sourceTree = "<group>"; };
		133CBA9B20FF8D2600A5F2FE /* NetworkHandler.swift */ = {isa = PBXFileReference; lastKnownFileType = sourcecode.swift; path = NetworkHandler.swift; sourceTree = "<group>"; };
		133CBA9E20FF9CF900A5F2FE /* TitleTableViewCell.swift */ = {isa = PBXFileReference; lastKnownFileType = sourcecode.swift; path = TitleTableViewCell.swift; sourceTree = "<group>"; };
		133CBAA02102293500A5F2FE /* DataManager.swift */ = {isa = PBXFileReference; lastKnownFileType = sourcecode.swift; path = DataManager.swift; sourceTree = "<group>"; };
		133CBAA22102373D00A5F2FE /* RealmPersistenceManager.swift */ = {isa = PBXFileReference; lastKnownFileType = sourcecode.swift; path = RealmPersistenceManager.swift; sourceTree = "<group>"; };
		133CBAA42102496B00A5F2FE /* UIViewController+RxAlert.swift */ = {isa = PBXFileReference; lastKnownFileType = sourcecode.swift; path = "UIViewController+RxAlert.swift"; sourceTree = "<group>"; };
		133CBAA621024A0D00A5F2FE /* AlertContents.swift */ = {isa = PBXFileReference; lastKnownFileType = sourcecode.swift; path = AlertContents.swift; sourceTree = "<group>"; };
		13970EB420FCFBC600C748DC /* RxSwift.framework */ = {isa = PBXFileReference; explicitFileType = wrapper.framework; path = RxSwift.framework; sourceTree = BUILT_PRODUCTS_DIR; };
		13970EB720FCFBC600C748DC /* RxCocoa.framework */ = {isa = PBXFileReference; explicitFileType = wrapper.framework; path = RxCocoa.framework; sourceTree = BUILT_PRODUCTS_DIR; };
		13970EC220FCFE0D00C748DC /* RxRealm.framework */ = {isa = PBXFileReference; explicitFileType = wrapper.framework; path = RxRealm.framework; sourceTree = BUILT_PRODUCTS_DIR; };
		13970EC520FCFF8300C748DC /* Realm.framework */ = {isa = PBXFileReference; explicitFileType = wrapper.framework; path = Realm.framework; sourceTree = BUILT_PRODUCTS_DIR; };
		13970EC820FCFF8300C748DC /* RealmSwift.framework */ = {isa = PBXFileReference; explicitFileType = wrapper.framework; path = RealmSwift.framework; sourceTree = BUILT_PRODUCTS_DIR; };
		13970ECB20FD011F00C748DC /* CocoaLumberjack.framework */ = {isa = PBXFileReference; explicitFileType = wrapper.framework; path = CocoaLumberjack.framework; sourceTree = BUILT_PRODUCTS_DIR; };
		13970ECE20FD011F00C748DC /* CocoaLumberjackSwift.framework */ = {isa = PBXFileReference; explicitFileType = wrapper.framework; path = CocoaLumberjackSwift.framework; sourceTree = BUILT_PRODUCTS_DIR; };
		13970EDB20FD08C900C748DC /* SceneCoordinator.swift */ = {isa = PBXFileReference; lastKnownFileType = sourcecode.swift; path = SceneCoordinator.swift; sourceTree = "<group>"; };
		13970EDD20FD0C5700C748DC /* NavigationHandler.swift */ = {isa = PBXFileReference; lastKnownFileType = sourcecode.swift; path = NavigationHandler.swift; sourceTree = "<group>"; };
		13970EE020FD0EA100C748DC /* Scene.swift */ = {isa = PBXFileReference; lastKnownFileType = sourcecode.swift; path = Scene.swift; sourceTree = "<group>"; };
		13970EE320FD0F2B00C748DC /* PostsVM.swift */ = {isa = PBXFileReference; lastKnownFileType = sourcecode.swift; path = PostsVM.swift; sourceTree = "<group>"; };
		13970EE520FD12B200C748DC /* SceneTransitionType.swift */ = {isa = PBXFileReference; lastKnownFileType = sourcecode.swift; path = SceneTransitionType.swift; sourceTree = "<group>"; };
		13970EE720FD143D00C748DC /* Scene+ViewController.swift */ = {isa = PBXFileReference; lastKnownFileType = sourcecode.swift; path = "Scene+ViewController.swift"; sourceTree = "<group>"; };
		13970EE920FD14EE00C748DC /* PoweredByVM.swift */ = {isa = PBXFileReference; lastKnownFileType = sourcecode.swift; path = PoweredByVM.swift; sourceTree = "<group>"; };
		13970EEC20FD2C7800C748DC /* UIViewController+actualViewController.swift */ = {isa = PBXFileReference; lastKnownFileType = sourcecode.swift; path = "UIViewController+actualViewController.swift"; sourceTree = "<group>"; };
		13970EEE20FD2F6E00C748DC /* UIViewController+IsModal.swift */ = {isa = PBXFileReference; lastKnownFileType = sourcecode.swift; path = "UIViewController+IsModal.swift"; sourceTree = "<group>"; };
		13970EF020FD369700C748DC /* PostDetailVC.swift */ = {isa = PBXFileReference; lastKnownFileType = sourcecode.swift; path = PostDetailVC.swift; sourceTree = "<group>"; };
		13970EF220FD36A000C748DC /* PostDetailVM.swift */ = {isa = PBXFileReference; lastKnownFileType = sourcecode.swift; path = PostDetailVM.swift; sourceTree = "<group>"; };
		13EE153420FE4733008CE979 /* Scene+ViewControllerTests.swift */ = {isa = PBXFileReference; lastKnownFileType = sourcecode.swift; path = "Scene+ViewControllerTests.swift"; sourceTree = "<group>"; };
		13EE153720FE47D0008CE979 /* MockNavigationHandler.swift */ = {isa = PBXFileReference; lastKnownFileType = sourcecode.swift; path = MockNavigationHandler.swift; sourceTree = "<group>"; };
		13EE153A20FE4ADA008CE979 /* ActualViewControllerTests.swift */ = {isa = PBXFileReference; lastKnownFileType = sourcecode.swift; path = ActualViewControllerTests.swift; sourceTree = "<group>"; };
		13EE153D20FE541B008CE979 /* Post.swift */ = {isa = PBXFileReference; lastKnownFileType = sourcecode.swift; path = Post.swift; sourceTree = "<group>"; };
/* End PBXFileReference section */

/* Begin PBXFrameworksBuildPhase section */
		1324ECD420FCF5F000D251E6 /* Frameworks */ = {
			isa = PBXFrameworksBuildPhase;
			buildActionMask = 2147483647;
			files = (
				13970EC620FCFF8300C748DC /* Realm.framework in Frameworks */,
				13970EC920FCFF8300C748DC /* RealmSwift.framework in Frameworks */,
				13970EB820FCFBC600C748DC /* RxCocoa.framework in Frameworks */,
				13970EC320FCFE0D00C748DC /* RxRealm.framework in Frameworks */,
				13970ECF20FD011F00C748DC /* CocoaLumberjackSwift.framework in Frameworks */,
				13970ECC20FD011F00C748DC /* CocoaLumberjack.framework in Frameworks */,
				13970EB520FCFBC600C748DC /* RxSwift.framework in Frameworks */,
			);
			runOnlyForDeploymentPostprocessing = 0;
		};
		1324ECE820FCF5F200D251E6 /* Frameworks */ = {
			isa = PBXFrameworksBuildPhase;
			buildActionMask = 2147483647;
			files = (
				132BFDD021051898003D327E /* RxBlocking.framework in Frameworks */,
				132BFDD221051898003D327E /* RxTest.framework in Frameworks */,
			);
			runOnlyForDeploymentPostprocessing = 0;
		};
/* End PBXFrameworksBuildPhase section */

/* Begin PBXGroup section */
		1308B46721052F2D00C6C5FF /* Resources */ = {
			isa = PBXGroup;
			children = (
				132AEDF721052FB2000DE6FA /* Assets.xcassets */,
				132AEDFC21052FCB000DE6FA /* LaunchScreen.storyboard */,
				132AEDF821052FB2000DE6FA /* Info.plist */,
				132AEE04210532EB000DE6FA /* Localizable.strings */,
			);
			name = Resources;
			path = "New Group";
			sourceTree = "<group>";
		};
		1324ECCE20FCF5F000D251E6 = {
			isa = PBXGroup;
			children = (
				1324ECD920FCF5F000D251E6 /* BabylonHealthDemo */,
				1324ECEE20FCF5F200D251E6 /* BabylonHealthDemoTests */,
				1324ECD820FCF5F000D251E6 /* Products */,
				13970EB720FCFBC600C748DC /* RxCocoa.framework */,
				13970EB420FCFBC600C748DC /* RxSwift.framework */,
				13970EC220FCFE0D00C748DC /* RxRealm.framework */,
				13970EC820FCFF8300C748DC /* RealmSwift.framework */,
				13970EC520FCFF8300C748DC /* Realm.framework */,
				13970ECE20FD011F00C748DC /* CocoaLumberjackSwift.framework */,
				13970ECB20FD011F00C748DC /* CocoaLumberjack.framework */,
				132BFDCE21051898003D327E /* Frameworks */,
			);
			sourceTree = "<group>";
		};
		1324ECD820FCF5F000D251E6 /* Products */ = {
			isa = PBXGroup;
			children = (
				1324ECD720FCF5F000D251E6 /* BabylonHealthDemo.app */,
				1324ECEB20FCF5F200D251E6 /* BabylonHealthDemoTests.xctest */,
			);
			name = Products;
			sourceTree = "<group>";
		};
		1324ECD920FCF5F000D251E6 /* BabylonHealthDemo */ = {
			isa = PBXGroup;
			children = (
				1324ECDA20FCF5F000D251E6 /* AppDelegate.swift */,
				13EE153C20FE5239008CE979 /* Model */,
				132AEE0921053A60000DE6FA /* Protocols */,
				13970EDF20FD0E8B00C748DC /* Navigation */,
				13970EDA20FD08B300C748DC /* Handlers */,
				13970EEB20FD2C6500C748DC /* Extensions */,
				133CBA9D20FF9CDD00A5F2FE /* UIElements */,
				13970EE220FD0EF000C748DC /* Controllers */,
				1308B46721052F2D00C6C5FF /* Resources */,
			);
			path = BabylonHealthDemo;
			sourceTree = "<group>";
		};
		1324ECEE20FCF5F200D251E6 /* BabylonHealthDemoTests */ = {
			isa = PBXGroup;
			children = (
				13EE153920FE4ABD008CE979 /* Extensions */,
				13EE153620FE47C4008CE979 /* Mocks */,
				13EE153320FE471F008CE979 /* Navigation */,
				132BFDC921050F32003D327E /* Controllers */,
				1324ECF120FCF5F200D251E6 /* Info.plist */,
			);
			path = BabylonHealthDemoTests;
			sourceTree = "<group>";
		};
		13251B4621028EF40028454B /* Errors */ = {
			isa = PBXGroup;
			children = (
				13251B4721028EFF0028454B /* RealmErrors.swift */,
			);
			path = Errors;
			sourceTree = "<group>";
		};
		132AEE0921053A60000DE6FA /* Protocols */ = {
			isa = PBXGroup;
			children = (
				133BFCC8210259E4008FC219 /* InternalModel.swift */,
				13970EE920FD14EE00C748DC /* PoweredByVM.swift */,
				133827FE2103D12C0005B4D8 /* Reusable.swift */,
				132AEE0A21053ADB000DE6FA /* NetworkService.swift */,
				132AEE0C21053B25000DE6FA /* DataManagerType.swift */,
				132AEE0E21053B95000DE6FA /* PersistenceManager.swift */,
			);
			path = Protocols;
			sourceTree = "<group>";
		};
		132BFDC921050F32003D327E /* Controllers */ = {
			isa = PBXGroup;
			children = (
				132BFDCA21050F42003D327E /* PostsVMTests.swift */,
			);
			path = Controllers;
			sourceTree = "<group>";
		};
		132BFDCE21051898003D327E /* Frameworks */ = {
			isa = PBXGroup;
			children = (
				132BFDCF21051898003D327E /* RxBlocking.framework */,
				132BFDD121051898003D327E /* RxTest.framework */,
			);
			name = Frameworks;
			sourceTree = "<group>";
		};
		133CBA9D20FF9CDD00A5F2FE /* UIElements */ = {
			isa = PBXGroup;
			children = (
				133CBA9E20FF9CF900A5F2FE /* TitleTableViewCell.swift */,
				132BFDC72104DC9C003D327E /* DetailedTableViewCell.swift */,
			);
			path = UIElements;
			sourceTree = "<group>";
		};
		13970EDA20FD08B300C748DC /* Handlers */ = {
			isa = PBXGroup;
			children = (
				133CBA9B20FF8D2600A5F2FE /* NetworkHandler.swift */,
				133CBAA02102293500A5F2FE /* DataManager.swift */,
				133CBAA22102373D00A5F2FE /* RealmPersistenceManager.swift */,
			);
			path = Handlers;
			sourceTree = "<group>";
		};
		13970EDF20FD0E8B00C748DC /* Navigation */ = {
			isa = PBXGroup;
			children = (
				13970EE020FD0EA100C748DC /* Scene.swift */,
				13970EDD20FD0C5700C748DC /* NavigationHandler.swift */,
				13970EDB20FD08C900C748DC /* SceneCoordinator.swift */,
				13970EE520FD12B200C748DC /* SceneTransitionType.swift */,
				13970EE720FD143D00C748DC /* Scene+ViewController.swift */,
			);
			path = Navigation;
			sourceTree = "<group>";
		};
		13970EE220FD0EF000C748DC /* Controllers */ = {
			isa = PBXGroup;
			children = (
				1324ECDC20FCF5F000D251E6 /* PostsVC.swift */,
				13970EE320FD0F2B00C748DC /* PostsVM.swift */,
				13970EF020FD369700C748DC /* PostDetailVC.swift */,
				13970EF220FD36A000C748DC /* PostDetailVM.swift */,
			);
			path = Controllers;
			sourceTree = "<group>";
		};
		13970EEB20FD2C6500C748DC /* Extensions */ = {
			isa = PBXGroup;
			children = (
				13970EEC20FD2C7800C748DC /* UIViewController+actualViewController.swift */,
				13970EEE20FD2F6E00C748DC /* UIViewController+IsModal.swift */,
				133CBAA42102496B00A5F2FE /* UIViewController+RxAlert.swift */,
				132BFDC12103D504003D327E /* UIColor+Styles.swift */,
				132BFDC32103DA92003D327E /* UIFont+Styles.swift */,
			);
			path = Extensions;
			sourceTree = "<group>";
		};
		13EE153320FE471F008CE979 /* Navigation */ = {
			isa = PBXGroup;
			children = (
				13EE153420FE4733008CE979 /* Scene+ViewControllerTests.swift */,
			);
			path = Navigation;
			sourceTree = "<group>";
		};
		13EE153620FE47C4008CE979 /* Mocks */ = {
			isa = PBXGroup;
			children = (
				13EE153720FE47D0008CE979 /* MockNavigationHandler.swift */,
				132BFDCC2105105A003D327E /* MockDataManager.swift */,
			);
			path = Mocks;
			sourceTree = "<group>";
		};
		13EE153920FE4ABD008CE979 /* Extensions */ = {
			isa = PBXGroup;
			children = (
				13EE153A20FE4ADA008CE979 /* ActualViewControllerTests.swift */,
			);
			path = Extensions;
			sourceTree = "<group>";
		};
		13EE153C20FE5239008CE979 /* Model */ = {
			isa = PBXGroup;
			children = (
				13251B4621028EF40028454B /* Errors */,
				13EE153D20FE541B008CE979 /* Post.swift */,
				133CBA9720FF80C200A5F2FE /* User.swift */,
				133CBA9920FF80DC00A5F2FE /* Comment.swift */,
				133CBAA621024A0D00A5F2FE /* AlertContents.swift */,
			);
			path = Model;
			sourceTree = "<group>";
		};
/* End PBXGroup section */

/* Begin PBXNativeTarget section */
		1324ECD620FCF5F000D251E6 /* BabylonHealthDemo */ = {
			isa = PBXNativeTarget;
			buildConfigurationList = 1324ECF420FCF5F200D251E6 /* Build configuration list for PBXNativeTarget "BabylonHealthDemo" */;
			buildPhases = (
				1324ECD320FCF5F000D251E6 /* Sources */,
				1324ECD420FCF5F000D251E6 /* Frameworks */,
				1324ECD520FCF5F000D251E6 /* Resources */,
				13970EBA20FCFBC600C748DC /* Embed Frameworks */,
				13970ED920FD034500C748DC /* Run SwiftLint */,
			);
			buildRules = (
			);
			dependencies = (
			);
			name = BabylonHealthDemo;
			productName = BabylonHealthDemo;
			productReference = 1324ECD720FCF5F000D251E6 /* BabylonHealthDemo.app */;
			productType = "com.apple.product-type.application";
		};
		1324ECEA20FCF5F200D251E6 /* BabylonHealthDemoTests */ = {
			isa = PBXNativeTarget;
			buildConfigurationList = 1324ECF720FCF5F200D251E6 /* Build configuration list for PBXNativeTarget "BabylonHealthDemoTests" */;
			buildPhases = (
				1324ECE720FCF5F200D251E6 /* Sources */,
				1324ECE820FCF5F200D251E6 /* Frameworks */,
				1324ECE920FCF5F200D251E6 /* Resources */,
			);
			buildRules = (
			);
			dependencies = (
				1324ECED20FCF5F200D251E6 /* PBXTargetDependency */,
			);
			name = BabylonHealthDemoTests;
			productName = BabylonHealthDemoTests;
			productReference = 1324ECEB20FCF5F200D251E6 /* BabylonHealthDemoTests.xctest */;
			productType = "com.apple.product-type.bundle.unit-test";
		};
/* End PBXNativeTarget section */

/* Begin PBXProject section */
		1324ECCF20FCF5F000D251E6 /* Project object */ = {
			isa = PBXProject;
			attributes = {
				LastSwiftUpdateCheck = 0940;
				LastUpgradeCheck = 0940;
				ORGANIZATIONNAME = "Benjamin Henshall";
				TargetAttributes = {
					1324ECD620FCF5F000D251E6 = {
						CreatedOnToolsVersion = 9.4.1;
					};
					1324ECEA20FCF5F200D251E6 = {
						CreatedOnToolsVersion = 9.4.1;
						TestTargetID = 1324ECD620FCF5F000D251E6;
					};
				};
			};
			buildConfigurationList = 1324ECD220FCF5F000D251E6 /* Build configuration list for PBXProject "BabylonHealthDemo" */;
			compatibilityVersion = "Xcode 9.3";
			developmentRegion = en;
			hasScannedForEncodings = 0;
			knownRegions = (
				en,
				Base,
				nl,
			);
			mainGroup = 1324ECCE20FCF5F000D251E6;
			productRefGroup = 1324ECD820FCF5F000D251E6 /* Products */;
			projectDirPath = "";
			projectRoot = "";
			targets = (
				1324ECD620FCF5F000D251E6 /* BabylonHealthDemo */,
				1324ECEA20FCF5F200D251E6 /* BabylonHealthDemoTests */,
			);
		};
/* End PBXProject section */

/* Begin PBXResourcesBuildPhase section */
		1324ECD520FCF5F000D251E6 /* Resources */ = {
			isa = PBXResourcesBuildPhase;
			buildActionMask = 2147483647;
			files = (
				132AEE02210532EB000DE6FA /* Localizable.strings in Resources */,
				132AEDFA21052FB3000DE6FA /* Assets.xcassets in Resources */,
			);
			runOnlyForDeploymentPostprocessing = 0;
		};
		1324ECE920FCF5F200D251E6 /* Resources */ = {
			isa = PBXResourcesBuildPhase;
			buildActionMask = 2147483647;
			files = (
			);
			runOnlyForDeploymentPostprocessing = 0;
		};
/* End PBXResourcesBuildPhase section */

/* Begin PBXShellScriptBuildPhase section */
		13970ED920FD034500C748DC /* Run SwiftLint */ = {
			isa = PBXShellScriptBuildPhase;
			buildActionMask = 2147483647;
			files = (
			);
			inputPaths = (
			);
			name = "Run SwiftLint";
			outputPaths = (
			);
			runOnlyForDeploymentPostprocessing = 0;
			shellPath = /bin/sh;
			shellScript = "if which swiftlint >/dev/null; then\nswiftlint\nelse\necho \"warning: SwiftLint not installed, download from https://github.com/realm/SwiftLint\"\nfi";
		};
/* End PBXShellScriptBuildPhase section */

/* Begin PBXSourcesBuildPhase section */
		1324ECD320FCF5F000D251E6 /* Sources */ = {
			isa = PBXSourcesBuildPhase;
			buildActionMask = 2147483647;
			files = (
				13970EDE20FD0C5700C748DC /* NavigationHandler.swift in Sources */,
				132BFDC22103D504003D327E /* UIColor+Styles.swift in Sources */,
				13970EEF20FD2F6E00C748DC /* UIViewController+IsModal.swift in Sources */,
				133BFCC9210259E4008FC219 /* InternalModel.swift in Sources */,
				133CBAA721024A0D00A5F2FE /* AlertContents.swift in Sources */,
				133827FF2103D12C0005B4D8 /* Reusable.swift in Sources */,
				133CBAA52102496B00A5F2FE /* UIViewController+RxAlert.swift in Sources */,
				13970EEA20FD14EE00C748DC /* PoweredByVM.swift in Sources */,
				13970EF320FD36A000C748DC /* PostDetailVM.swift in Sources */,
				13970EE620FD12B200C748DC /* SceneTransitionType.swift in Sources */,
				13EE153E20FE541B008CE979 /* Post.swift in Sources */,
				132BFDC42103DA92003D327E /* UIFont+Styles.swift in Sources */,
				132AEE0F21053B95000DE6FA /* PersistenceManager.swift in Sources */,
				1324ECDD20FCF5F000D251E6 /* PostsVC.swift in Sources */,
				13251B4821028EFF0028454B /* RealmErrors.swift in Sources */,
				13970EF120FD369700C748DC /* PostDetailVC.swift in Sources */,
				133CBA9820FF80C200A5F2FE /* User.swift in Sources */,
				133CBA9C20FF8D2600A5F2FE /* NetworkHandler.swift in Sources */,
				132BFDC82104DC9C003D327E /* DetailedTableViewCell.swift in Sources */,
				13970EE420FD0F2B00C748DC /* PostsVM.swift in Sources */,
				1324ECDB20FCF5F000D251E6 /* AppDelegate.swift in Sources */,
				133CBA9A20FF80DC00A5F2FE /* Comment.swift in Sources */,
				13970EE820FD143D00C748DC /* Scene+ViewController.swift in Sources */,
				133CBAA12102293600A5F2FE /* DataManager.swift in Sources */,
				133CBAA32102373D00A5F2FE /* RealmPersistenceManager.swift in Sources */,
				13970EED20FD2C7800C748DC /* UIViewController+actualViewController.swift in Sources */,
				132AEE0D21053B25000DE6FA /* DataManagerType.swift in Sources */,
				13970EE120FD0EA100C748DC /* Scene.swift in Sources */,
				132AEE0B21053ADB000DE6FA /* NetworkService.swift in Sources */,
				133CBA9F20FF9CF900A5F2FE /* TitleTableViewCell.swift in Sources */,
				13970EDC20FD08C900C748DC /* SceneCoordinator.swift in Sources */,
			);
			runOnlyForDeploymentPostprocessing = 0;
		};
		1324ECE720FCF5F200D251E6 /* Sources */ = {
			isa = PBXSourcesBuildPhase;
			buildActionMask = 2147483647;
			files = (
				132BFDCB21050F42003D327E /* PostsVMTests.swift in Sources */,
				132BFDCD2105105A003D327E /* MockDataManager.swift in Sources */,
				13EE153820FE47D0008CE979 /* MockNavigationHandler.swift in Sources */,
				13EE153B20FE4ADA008CE979 /* ActualViewControllerTests.swift in Sources */,
				13EE153520FE4733008CE979 /* Scene+ViewControllerTests.swift in Sources */,
			);
			runOnlyForDeploymentPostprocessing = 0;
		};
/* End PBXSourcesBuildPhase section */

/* Begin PBXTargetDependency section */
		1324ECED20FCF5F200D251E6 /* PBXTargetDependency */ = {
			isa = PBXTargetDependency;
			target = 1324ECD620FCF5F000D251E6 /* BabylonHealthDemo */;
			targetProxy = 1324ECEC20FCF5F200D251E6 /* PBXContainerItemProxy */;
		};
/* End PBXTargetDependency section */

/* Begin PBXVariantGroup section */
		132AEDFC21052FCB000DE6FA /* LaunchScreen.storyboard */ = {
			isa = PBXVariantGroup;
			children = (
				132AEDFD21052FCB000DE6FA /* Base */,
			);
			name = LaunchScreen.storyboard;
			sourceTree = "<group>";
		};
		132AEE04210532EB000DE6FA /* Localizable.strings */ = {
			isa = PBXVariantGroup;
			children = (
				132AEE03210532EB000DE6FA /* en */,
				132AEE072105335C000DE6FA /* nl */,
			);
			name = Localizable.strings;
			path = BabylonHealthDemo/Resources;
			sourceTree = SOURCE_ROOT;
		};
/* End PBXVariantGroup section */

/* Begin XCBuildConfiguration section */
		1324ECF220FCF5F200D251E6 /* Debug */ = {
			isa = XCBuildConfiguration;
			buildSettings = {
				ALWAYS_SEARCH_USER_PATHS = NO;
				CLANG_ANALYZER_LOCALIZABILITY_NONLOCALIZED = YES;
				CLANG_ANALYZER_NONNULL = YES;
				CLANG_ANALYZER_NUMBER_OBJECT_CONVERSION = YES_AGGRESSIVE;
				CLANG_CXX_LANGUAGE_STANDARD = "gnu++14";
				CLANG_CXX_LIBRARY = "libc++";
				CLANG_ENABLE_MODULES = YES;
				CLANG_ENABLE_OBJC_ARC = YES;
				CLANG_ENABLE_OBJC_WEAK = YES;
				CLANG_WARN_BLOCK_CAPTURE_AUTORELEASING = YES;
				CLANG_WARN_BOOL_CONVERSION = YES;
				CLANG_WARN_COMMA = YES;
				CLANG_WARN_CONSTANT_CONVERSION = YES;
				CLANG_WARN_DEPRECATED_OBJC_IMPLEMENTATIONS = YES;
				CLANG_WARN_DIRECT_OBJC_ISA_USAGE = YES_ERROR;
				CLANG_WARN_DOCUMENTATION_COMMENTS = YES;
				CLANG_WARN_EMPTY_BODY = YES;
				CLANG_WARN_ENUM_CONVERSION = YES;
				CLANG_WARN_INFINITE_RECURSION = YES;
				CLANG_WARN_INT_CONVERSION = YES;
				CLANG_WARN_NON_LITERAL_NULL_CONVERSION = YES;
				CLANG_WARN_OBJC_IMPLICIT_RETAIN_SELF = YES;
				CLANG_WARN_OBJC_LITERAL_CONVERSION = YES;
				CLANG_WARN_OBJC_ROOT_CLASS = YES_ERROR;
				CLANG_WARN_RANGE_LOOP_ANALYSIS = YES;
				CLANG_WARN_STRICT_PROTOTYPES = YES;
				CLANG_WARN_SUSPICIOUS_MOVE = YES;
				CLANG_WARN_UNGUARDED_AVAILABILITY = YES_AGGRESSIVE;
				CLANG_WARN_UNREACHABLE_CODE = YES;
				CLANG_WARN__DUPLICATE_METHOD_MATCH = YES;
				CODE_SIGN_IDENTITY = "iPhone Developer";
				COPY_PHASE_STRIP = NO;
				DEBUG_INFORMATION_FORMAT = dwarf;
				ENABLE_STRICT_OBJC_MSGSEND = YES;
				ENABLE_TESTABILITY = YES;
				GCC_C_LANGUAGE_STANDARD = gnu11;
				GCC_DYNAMIC_NO_PIC = NO;
				GCC_NO_COMMON_BLOCKS = YES;
				GCC_OPTIMIZATION_LEVEL = 0;
				GCC_PREPROCESSOR_DEFINITIONS = (
					"DEBUG=1",
					"$(inherited)",
				);
				GCC_WARN_64_TO_32_BIT_CONVERSION = YES;
				GCC_WARN_ABOUT_RETURN_TYPE = YES_ERROR;
				GCC_WARN_UNDECLARED_SELECTOR = YES;
				GCC_WARN_UNINITIALIZED_AUTOS = YES_AGGRESSIVE;
				GCC_WARN_UNUSED_FUNCTION = YES;
				GCC_WARN_UNUSED_VARIABLE = YES;
				IPHONEOS_DEPLOYMENT_TARGET = 11.4;
				MTL_ENABLE_DEBUG_INFO = YES;
				ONLY_ACTIVE_ARCH = YES;
				SDKROOT = iphoneos;
				SWIFT_ACTIVE_COMPILATION_CONDITIONS = DEBUG;
				SWIFT_OPTIMIZATION_LEVEL = "-Onone";
			};
			name = Debug;
		};
		1324ECF320FCF5F200D251E6 /* Release */ = {
			isa = XCBuildConfiguration;
			buildSettings = {
				ALWAYS_SEARCH_USER_PATHS = NO;
				CLANG_ANALYZER_LOCALIZABILITY_NONLOCALIZED = YES;
				CLANG_ANALYZER_NONNULL = YES;
				CLANG_ANALYZER_NUMBER_OBJECT_CONVERSION = YES_AGGRESSIVE;
				CLANG_CXX_LANGUAGE_STANDARD = "gnu++14";
				CLANG_CXX_LIBRARY = "libc++";
				CLANG_ENABLE_MODULES = YES;
				CLANG_ENABLE_OBJC_ARC = YES;
				CLANG_ENABLE_OBJC_WEAK = YES;
				CLANG_WARN_BLOCK_CAPTURE_AUTORELEASING = YES;
				CLANG_WARN_BOOL_CONVERSION = YES;
				CLANG_WARN_COMMA = YES;
				CLANG_WARN_CONSTANT_CONVERSION = YES;
				CLANG_WARN_DEPRECATED_OBJC_IMPLEMENTATIONS = YES;
				CLANG_WARN_DIRECT_OBJC_ISA_USAGE = YES_ERROR;
				CLANG_WARN_DOCUMENTATION_COMMENTS = YES;
				CLANG_WARN_EMPTY_BODY = YES;
				CLANG_WARN_ENUM_CONVERSION = YES;
				CLANG_WARN_INFINITE_RECURSION = YES;
				CLANG_WARN_INT_CONVERSION = YES;
				CLANG_WARN_NON_LITERAL_NULL_CONVERSION = YES;
				CLANG_WARN_OBJC_IMPLICIT_RETAIN_SELF = YES;
				CLANG_WARN_OBJC_LITERAL_CONVERSION = YES;
				CLANG_WARN_OBJC_ROOT_CLASS = YES_ERROR;
				CLANG_WARN_RANGE_LOOP_ANALYSIS = YES;
				CLANG_WARN_STRICT_PROTOTYPES = YES;
				CLANG_WARN_SUSPICIOUS_MOVE = YES;
				CLANG_WARN_UNGUARDED_AVAILABILITY = YES_AGGRESSIVE;
				CLANG_WARN_UNREACHABLE_CODE = YES;
				CLANG_WARN__DUPLICATE_METHOD_MATCH = YES;
				CODE_SIGN_IDENTITY = "iPhone Developer";
				COPY_PHASE_STRIP = NO;
				DEBUG_INFORMATION_FORMAT = "dwarf-with-dsym";
				ENABLE_NS_ASSERTIONS = NO;
				ENABLE_STRICT_OBJC_MSGSEND = YES;
				GCC_C_LANGUAGE_STANDARD = gnu11;
				GCC_NO_COMMON_BLOCKS = YES;
				GCC_WARN_64_TO_32_BIT_CONVERSION = YES;
				GCC_WARN_ABOUT_RETURN_TYPE = YES_ERROR;
				GCC_WARN_UNDECLARED_SELECTOR = YES;
				GCC_WARN_UNINITIALIZED_AUTOS = YES_AGGRESSIVE;
				GCC_WARN_UNUSED_FUNCTION = YES;
				GCC_WARN_UNUSED_VARIABLE = YES;
				IPHONEOS_DEPLOYMENT_TARGET = 11.4;
				MTL_ENABLE_DEBUG_INFO = NO;
				SDKROOT = iphoneos;
				SWIFT_COMPILATION_MODE = wholemodule;
				SWIFT_OPTIMIZATION_LEVEL = "-O";
				VALIDATE_PRODUCT = YES;
			};
			name = Release;
		};
		1324ECF520FCF5F200D251E6 /* Debug */ = {
			isa = XCBuildConfiguration;
			buildSettings = {
				ASSETCATALOG_COMPILER_APPICON_NAME = AppIcon;
				CODE_SIGN_STYLE = Automatic;
				DEVELOPMENT_TEAM = 24MJ526PQD;
				INFOPLIST_FILE = "$(SRCROOT)/BabylonHealthDemo/Resources/Info.plist";
				LD_RUNPATH_SEARCH_PATHS = (
					"$(inherited)",
					"@executable_path/Frameworks",
				);
				PRODUCT_BUNDLE_IDENTIFIER = bhenshall.BabylonHealthDemo;
				PRODUCT_NAME = "$(TARGET_NAME)";
				SWIFT_VERSION = 4.0;
				TARGETED_DEVICE_FAMILY = "1,2";
			};
			name = Debug;
		};
		1324ECF620FCF5F200D251E6 /* Release */ = {
			isa = XCBuildConfiguration;
			buildSettings = {
				ASSETCATALOG_COMPILER_APPICON_NAME = AppIcon;
				CODE_SIGN_STYLE = Automatic;
				DEVELOPMENT_TEAM = 24MJ526PQD;
				INFOPLIST_FILE = "$(SRCROOT)/BabylonHealthDemo/Resources/Info.plist";
				LD_RUNPATH_SEARCH_PATHS = (
					"$(inherited)",
					"@executable_path/Frameworks",
				);
				PRODUCT_BUNDLE_IDENTIFIER = bhenshall.BabylonHealthDemo;
				PRODUCT_NAME = "$(TARGET_NAME)";
				SWIFT_VERSION = 4.0;
				TARGETED_DEVICE_FAMILY = "1,2";
			};
			name = Release;
		};
		1324ECF820FCF5F200D251E6 /* Debug */ = {
			isa = XCBuildConfiguration;
			buildSettings = {
				ALWAYS_EMBED_SWIFT_STANDARD_LIBRARIES = YES;
				BUNDLE_LOADER = "$(TEST_HOST)";
				CODE_SIGN_STYLE = Automatic;
				DEVELOPMENT_TEAM = 24MJ526PQD;
				INFOPLIST_FILE = BabylonHealthDemoTests/Info.plist;
				LD_RUNPATH_SEARCH_PATHS = (
					"$(inherited)",
					"@executable_path/Frameworks",
					"@loader_path/Frameworks",
				);
				PRODUCT_BUNDLE_IDENTIFIER = bhenshall.BabylonHealthDemoTests;
				PRODUCT_NAME = "$(TARGET_NAME)";
				SWIFT_VERSION = 4.0;
				TARGETED_DEVICE_FAMILY = "1,2";
				TEST_HOST = "$(BUILT_PRODUCTS_DIR)/BabylonHealthDemo.app/BabylonHealthDemo";
			};
			name = Debug;
		};
		1324ECF920FCF5F200D251E6 /* Release */ = {
			isa = XCBuildConfiguration;
			buildSettings = {
				ALWAYS_EMBED_SWIFT_STANDARD_LIBRARIES = YES;
				BUNDLE_LOADER = "$(TEST_HOST)";
				CODE_SIGN_STYLE = Automatic;
				DEVELOPMENT_TEAM = 24MJ526PQD;
				INFOPLIST_FILE = BabylonHealthDemoTests/Info.plist;
				LD_RUNPATH_SEARCH_PATHS = (
					"$(inherited)",
					"@executable_path/Frameworks",
					"@loader_path/Frameworks",
				);
				PRODUCT_BUNDLE_IDENTIFIER = bhenshall.BabylonHealthDemoTests;
				PRODUCT_NAME = "$(TARGET_NAME)";
				SWIFT_VERSION = 4.0;
				TARGETED_DEVICE_FAMILY = "1,2";
				TEST_HOST = "$(BUILT_PRODUCTS_DIR)/BabylonHealthDemo.app/BabylonHealthDemo";
			};
			name = Release;
		};
/* End XCBuildConfiguration section */

/* Begin XCConfigurationList section */
		1324ECD220FCF5F000D251E6 /* Build configuration list for PBXProject "BabylonHealthDemo" */ = {
			isa = XCConfigurationList;
			buildConfigurations = (
				1324ECF220FCF5F200D251E6 /* Debug */,
				1324ECF320FCF5F200D251E6 /* Release */,
			);
			defaultConfigurationIsVisible = 0;
			defaultConfigurationName = Release;
		};
		1324ECF420FCF5F200D251E6 /* Build configuration list for PBXNativeTarget "BabylonHealthDemo" */ = {
			isa = XCConfigurationList;
			buildConfigurations = (
				1324ECF520FCF5F200D251E6 /* Debug */,
				1324ECF620FCF5F200D251E6 /* Release */,
			);
			defaultConfigurationIsVisible = 0;
			defaultConfigurationName = Release;
		};
		1324ECF720FCF5F200D251E6 /* Build configuration list for PBXNativeTarget "BabylonHealthDemoTests" */ = {
			isa = XCConfigurationList;
			buildConfigurations = (
				1324ECF820FCF5F200D251E6 /* Debug */,
				1324ECF920FCF5F200D251E6 /* Release */,
			);
			defaultConfigurationIsVisible = 0;
			defaultConfigurationName = Release;
		};
/* End XCConfigurationList section */
	};
	rootObject = 1324ECCF20FCF5F000D251E6 /* Project object */;
}
